
Microsoft Visual Studio Solution File, Format Version 12.00
# Visual Studio Version 16
VisualStudioVersion = 16.0.31605.320
MinimumVisualStudioVersion = 10.0.40219.1
Project("{FAE04EC0-301F-11D3-BF4B-00C04F79EFBC}") = "Test", "Test\Test.csproj", "{755A9844-EA8C-444B-8022-871037CE1919}"
EndProject
Global
	GlobalSection(SolutionConfigurationPlatforms) = preSolution
		Debug|Any CPU = Debug|Any CPU
		Release|Any CPU = Release|Any CPU
	EndGlobalSection
	GlobalSection(ProjectConfigurationPlatforms) = postSolution
		{755A9844-EA8C-444B-8022-871037CE1919}.Debug|Any CPU.ActiveCfg = Debug|Any CPU
		{755A9844-EA8C-444B-8022-871037CE1919}.Debug|Any CPU.Build.0 = Debug|Any CPU
		{755A9844-EA8C-444B-8022-871037CE1919}.Release|Any CPU.ActiveCfg = Release|Any CPU
		{755A9844-EA8C-444B-8022-871037CE1919}.Release|Any CPU.Build.0 = Release|Any CPU
	EndGlobalSection
	GlobalSection(SolutionProperties) = preSolution
		HideSolutionNode = FALSE
	EndGlobalSection
	GlobalSection(ExtensibilityGlobals) = postSolution
		SolutionGuid = {0663CA0F-8AA6-444D-A111-6C7BCC35BC0D}
	EndGlobalSection
EndGlobal
